
Microsoft Visual Studio Solution File, Format Version 12.00
# Visual Studio 15
VisualStudioVersion = 15.0.27004.2010
MinimumVisualStudioVersion = 10.0.40219.1
Project("{FAE04EC0-301F-11D3-BF4B-00C04F79EFBC}") = "MyOwnClock", "MyOwnClock.csproj", "{115ADBAD-0114-4532-9173-998C3B9C32E4}"
EndProject
Global
	GlobalSection(SolutionConfigurationPlatforms) = preSolution
		Debug|AnyCPU = Debug|AnyCPU
		Release|AnyCPU = Release|AnyCPU
	EndGlobalSection
	GlobalSection(ProjectConfigurationPlatforms) = postSolution
		{115ADBAD-0114-4532-9173-998C3B9C32E4}.Debug|AnyCPU.ActiveCfg = Debug|Any CPU
		{115ADBAD-0114-4532-9173-998C3B9C32E4}.Debug|AnyCPU.Build.0 = Debug|Any CPU
		{115ADBAD-0114-4532-9173-998C3B9C32E4}.Release|AnyCPU.ActiveCfg = Release|Any CPU
		{115ADBAD-0114-4532-9173-998C3B9C32E4}.Release|AnyCPU.Build.0 = Release|Any CPU
	EndGlobalSection
	GlobalSection(SolutionProperties) = preSolution
		HideSolutionNode = TRUE
	EndGlobalSection
	GlobalSection(ExtensibilityGlobals) = postSolution
		SolutionGuid = {E89D4FEC-7B91-40F8-AFE1-9780C300D1D4}
	EndGlobalSection
EndGlobal
